
Microsoft Visual Studio Solution File, Format Version 12.00
# Visual Studio Version 17
VisualStudioVersion = 17.8.34316.72
MinimumVisualStudioVersion = 10.0.40219.1
Project("{FAE04EC0-301F-11D3-BF4B-00C04F79EFBC}") = "WP Final Project", "WP Final Project.csproj", "{B8F37B5A-77EB-4A9B-A508-25CB9D62DCF4}"
EndProject
Global
	GlobalSection(SolutionConfigurationPlatforms) = preSolution
		Debug|Any CPU = Debug|Any CPU
		Release|Any CPU = Release|Any CPU
	EndGlobalSection
	GlobalSection(ProjectConfigurationPlatforms) = postSolution
		{B8F37B5A-77EB-4A9B-A508-25CB9D62DCF4}.Debug|Any CPU.ActiveCfg = Debug|Any CPU
		{B8F37B5A-77EB-4A9B-A508-25CB9D62DCF4}.Debug|Any CPU.Build.0 = Debug|Any CPU
		{B8F37B5A-77EB-4A9B-A508-25CB9D62DCF4}.Release|Any CPU.ActiveCfg = Release|Any CPU
		{B8F37B5A-77EB-4A9B-A508-25CB9D62DCF4}.Release|Any CPU.Build.0 = Release|Any CPU
	EndGlobalSection
	GlobalSection(SolutionProperties) = preSolution
		HideSolutionNode = FALSE
	EndGlobalSection
	GlobalSection(ExtensibilityGlobals) = postSolution
		SolutionGuid = {8AE0561E-C302-4730-977A-EF08E5CF132E}
	EndGlobalSection
EndGlobal
